<?xml version="1.0" encoding="utf-8"?>
<Project ToolsVersion="4.0" xmlns="http://schemas.microsoft.com/developer/msbuild/2003">
  <ItemGroup>
    <Filter Include="Source Files">
      <UniqueIdentifier>{2d610edb-dad7-4dcc-a804-709fc5c64940}</UniqueIdentifier>
      <Extensions>cpp;c;cxx;rc;def;r;odl;idl;hpj;bat</Extensions>
    </Filter>
    <Filter Include="Header Files">
      <UniqueIdentifier>{dc7fdb39-c37b-4cc1-9821-1357750068b9}</UniqueIdentifier>
      <Extensions>h;hpp;hxx;hm;inl</Extensions>
    </Filter>
    <Filter Include="Resource Files">
      <UniqueIdentifier>{27e6d34b-c3f7-438c-823b-ad623acd174d}</UniqueIdentifier>
      <Extensions>ico;cur;bmp;dlg;rc2;rct;bin;rgs;gif;jpg;jpeg;jpe</Extensions>
    </Filter>
  </ItemGroup>
  <ItemGroup>
    <ClCompile Include="chatapi.cpp">
      <Filter>Source Files</Filter>
    </ClCompile>
    <ClCompile Include="cominit.cpp">
      <Filter>Source Files</Filter>
    </ClCompile>
    <ClCompile Include="debug.cpp">
      <Filter>Source Files</Filter>
    </ClCompile>
    <ClCompile Include="DownloadManager.cpp">
      <Filter>Source Files</Filter>
    </ClCompile>
    <ClCompile Include="process.cpp">
      <Filter>Source Files</Filter>
    </ClCompile>
    <ClCompile Include="winblows.cpp">
      <Filter>Source Files</Filter>
    </ClCompile>
  </ItemGroup>
  <ItemGroup>
    <ClInclude Include="chatapi.h">
      <Filter>Header Files</Filter>
    </ClInclude>
    <ClInclude Include="cominit.h">
      <Filter>Header Files</Filter>
    </ClInclude>
    <ClInclude Include="debug.h">
      <Filter>Header Files</Filter>
    </ClInclude>
    <ClInclude Include="DownloadManager.h">
      <Filter>Header Files</Filter>
    </ClInclude>
    <ClInclude Include="process.h">
      <Filter>Header Files</Filter>
    </ClInclude>
    <ClInclude Include="RESOURCE.H">
      <Filter>Header Files</Filter>
    </ClInclude>
    <ClInclude Include="WINBLOWS.H">
      <Filter>Header Files</Filter>
    </ClInclude>
    <ClInclude Include="WSTYPES.H">
      <Filter>Header Files</Filter>
    </ClInclude>
  </ItemGroup>
  <ItemGroup>
    <Image Include="Generals.ico">
      <Filter>Resource Files</Filter>
    </Image>
    <Image Include="GeneralsEnglish.BMP">
      <Filter>Resource Files</Filter>
    </Image>
    <Image Include="GeneralsFrench.BMP">
      <Filter>Resource Files</Filter>
    </Image>
    <Image Include="GeneralsGerman.BMP">
      <Filter>Resource Files</Filter>
    </Image>
  </ItemGroup>
  <ItemGroup>
    <ResourceCompile Include="Script1.rc">
      <Filter>Resource Files</Filter>
    </ResourceCompile>
  </ItemGroup>
</Project>