
Microsoft Visual Studio Solution File, Format Version 12.00
# Visual Studio Version 17
VisualStudioVersion = 17.13.35825.156 d17.13
MinimumVisualStudioVersion = 10.0.40219.1
Project("{8BC9CEB8-8B4A-11D0-8D11-00A0C91BC942}") = "Benchmark", "LIBRARIES\Source\Benchmark\Benchmark.vcxproj", "{BB562E8D-BCA0-4671-95D1-616AE0CC7236}"
EndProject
Project("{8BC9CEB8-8B4A-11D0-8D11-00A0C91BC942}") = "CRCDiff", "Tools\CRCDiff\CRCDiff.vcxproj", "{1BD63D47-0A28-4BB8-9D09-05619392E424}"
EndProject
Project("{8BC9CEB8-8B4A-11D0-8D11-00A0C91BC942}") = "Compression", "Libraries\Source\Compression\Compression.vcxproj", "{138511A2-0A5C-4251-A117-EF8C9A6CFC69}"
EndProject
Project("{8BC9CEB8-8B4A-11D0-8D11-00A0C91BC942}") = "DatGen", "Tools\Launcher\DatGen\DatGen.vcxproj", "{D381F252-EA40-4F69-8E53-75A1137D9C3E}"
EndProject
Project("{8BC9CEB8-8B4A-11D0-8D11-00A0C91BC942}") = "DebugWindow", "Tools\DebugWindow\DebugWindow.vcxproj", "{06DD5683-0A6C-4478-90FC-8564F57ABB2F}"
EndProject
Project("{8BC9CEB8-8B4A-11D0-8D11-00A0C91BC942}") = "EABrowserDispatch", "Libraries\Source\EABrowserDispatch\EABrowserDispatch.vcxproj", "{5A941AF7-23B6-4279-A323-EAA7BE20CC1A}"
EndProject
Project("{8BC9CEB8-8B4A-11D0-8D11-00A0C91BC942}") = "GUIEdit", "Tools\GUIEdit\GUIEdit.vcxproj", "{C82FB083-5EA3-432F-A968-2861B387F50F}"
EndProject
Project("{8BC9CEB8-8B4A-11D0-8D11-00A0C91BC942}") = "GameEngine", "GameEngine\GameEngine.vcxproj", "{20664561-E9CB-4DC2-B781-DBE0118AAAAE}"
EndProject
Project("{8BC9CEB8-8B4A-11D0-8D11-00A0C91BC942}") = "GameEngineDevice", "GameEngineDevice\GameEngineDevice.vcxproj", "{6A787518-9E62-4609-A73D-3E7BDAED96D5}"
EndProject
Project("{8BC9CEB8-8B4A-11D0-8D11-00A0C91BC942}") = "ImagePacker", "Tools\ImagePacker\ImagePacker.vcxproj", "{BFB5A271-0AC9-4748-9F6A-4F0BE378DED6}"
EndProject
Project("{8BC9CEB8-8B4A-11D0-8D11-00A0C91BC942}") = "MapCacheBuilder", "Tools\MapCacheBuilder\MapCacheBuilder.vcxproj", "{6F22DA89-AE7F-4D4E-B3B2-05EBCA7C584C}"
EndProject
Project("{8BC9CEB8-8B4A-11D0-8D11-00A0C91BC942}") = "ParticleEditor", "Tools\ParticleEditor\ParticleEditor.vcxproj", "{67B64FF2-9DDE-44E1-B049-571BDF27F89E}"
EndProject
Project("{8BC9CEB8-8B4A-11D0-8D11-00A0C91BC942}") = "RTS", "RTS.vcxproj", "{43C03651-A1C8-450C-9E75-4A438CC4F520}"
EndProject
Project("{8BC9CEB8-8B4A-11D0-8D11-00A0C91BC942}") = "WWDownload", "Libraries\Source\WWVegas\WWDownload\WWDownload.vcxproj", "{588D2443-DF34-4EC7-B8AD-00BBBC05886A}"
EndProject
Project("{8BC9CEB8-8B4A-11D0-8D11-00A0C91BC942}") = "WorldBuilder", "Tools\WorldBuilder\WorldBuilder.vcxproj", "{81D6340D-F56B-4F7E-B4FF-F3D426E56DB6}"
EndProject
Project("{8BC9CEB8-8B4A-11D0-8D11-00A0C91BC942}") = "assetcull", "Tools\assetcull\assetcull.vcxproj", "{D8C23887-A5F1-4F6D-AD12-2CC864EEDF14}"
EndProject
Project("{8BC9CEB8-8B4A-11D0-8D11-00A0C91BC942}") = "buildVersionUpdate", "Tools\buildVersionUpdate\buildVersionUpdate.vcxproj", "{F6BD128F-6508-4707-8F55-F02232D292DB}"
EndProject
Project("{8BC9CEB8-8B4A-11D0-8D11-00A0C91BC942}") = "debug", "Libraries\Source\debug\debug.vcxproj", "{7EDF853C-DBB5-4342-8E5C-6D774EC72C0D}"
EndProject
Project("{8BC9CEB8-8B4A-11D0-8D11-00A0C91BC942}") = "launcher", "Tools\Launcher\launcher.vcxproj", "{0BA1EDA8-901D-473C-961C-48CDDB607A3B}"
EndProject
Project("{8BC9CEB8-8B4A-11D0-8D11-00A0C91BC942}") = "patchgrabber", "Tools\PATCHGET\patchgrabber.vcxproj", "{6BF932CB-42B3-4AC3-B0B4-3FD95C0F18AE}"
EndProject
Project("{8BC9CEB8-8B4A-11D0-8D11-00A0C91BC942}") = "profile", "Libraries\Source\profile\profile.vcxproj", "{AD63E5B3-51E8-4676-AE2C-18776696540C}"
EndProject
Project("{8BC9CEB8-8B4A-11D0-8D11-00A0C91BC942}") = "versionUpdate", "Tools\versionUpdate\versionUpdate.vcxproj", "{006F8658-D780-4CB6-9323-90D078517559}"
EndProject
Project("{8BC9CEB8-8B4A-11D0-8D11-00A0C91BC942}") = "ww3d2", "Libraries\Source\WWVegas\WW3D2\ww3d2.vcxproj", "{5E6A4665-1C33-404E-9CD2-10F68DE66EBD}"
EndProject
Project("{8BC9CEB8-8B4A-11D0-8D11-00A0C91BC942}") = "wwdebug", "Libraries\Source\WWVegas\WWDebug\wwdebug.vcxproj", "{FF555FA9-5100-4BB3-8C27-C4F24E3B76BF}"
EndProject
Project("{8BC9CEB8-8B4A-11D0-8D11-00A0C91BC942}") = "wwlib", "Libraries\Source\WWVegas\WWLib\wwlib.vcxproj", "{091C4F68-EF9A-4C8E-A345-ABFA1F3FC511}"
EndProject
Project("{8BC9CEB8-8B4A-11D0-8D11-00A0C91BC942}") = "wwmath", "Libraries\Source\WWVegas\WWMath\wwmath.vcxproj", "{6AE040E7-0615-4693-BEA3-2FBC35E04A71}"
EndProject
Project("{8BC9CEB8-8B4A-11D0-8D11-00A0C91BC942}") = "wwsaveload", "Libraries\Source\WWVegas\WWSaveLoad\wwsaveload.vcxproj", "{5C8B2A3A-9CAD-4B2D-89E6-3A48B0E56C0E}"
EndProject
Project("{8BC9CEB8-8B4A-11D0-8D11-00A0C91BC942}") = "wwshade", "Libraries\Source\WWVegas\wwshade\wwshade.vcxproj", "{280AD8D1-1FCE-4DB8-B3A2-4BAAD95F41B3}"
EndProject
Project("{8BC9CEB8-8B4A-11D0-8D11-00A0C91BC942}") = "wwutil", "Libraries\Source\WWVegas\Wwutil\wwutil.vcxproj", "{D7DC0164-4E49-4C04-94D6-A518C9902E27}"
EndProject
Global
	GlobalSection(SolutionConfigurationPlatforms) = preSolution
		Debug|x86 = Debug|x86
		DebugE|x86 = DebugE|x86
		DebugW3D|x86 = DebugW3D|x86
		French|x86 = French|x86
		German|x86 = German|x86
		Internal|x86 = Internal|x86
		Profile|x86 = Profile|x86
		ProfileE|x86 = ProfileE|x86
		Release|x86 = Release|x86
		Spanish|x86 = Spanish|x86
		Template|x86 = Template|x86
	EndGlobalSection
	GlobalSection(ProjectConfigurationPlatforms) = postSolution
		{BB562E8D-BCA0-4671-95D1-616AE0CC7236}.Debug|x86.ActiveCfg = Debug|Win32
		{BB562E8D-BCA0-4671-95D1-616AE0CC7236}.Debug|x86.Build.0 = Debug|Win32
		{BB562E8D-BCA0-4671-95D1-616AE0CC7236}.DebugE|x86.ActiveCfg = Debug|Win32
		{BB562E8D-BCA0-4671-95D1-616AE0CC7236}.DebugE|x86.Build.0 = Debug|Win32
		{BB562E8D-BCA0-4671-95D1-616AE0CC7236}.DebugW3D|x86.ActiveCfg = Debug|Win32
		{BB562E8D-BCA0-4671-95D1-616AE0CC7236}.DebugW3D|x86.Build.0 = Debug|Win32
		{BB562E8D-BCA0-4671-95D1-616AE0CC7236}.French|x86.ActiveCfg = Debug|Win32
		{BB562E8D-BCA0-4671-95D1-616AE0CC7236}.French|x86.Build.0 = Debug|Win32
		{BB562E8D-BCA0-4671-95D1-616AE0CC7236}.German|x86.ActiveCfg = Debug|Win32
		{BB562E8D-BCA0-4671-95D1-616AE0CC7236}.German|x86.Build.0 = Debug|Win32
		{BB562E8D-BCA0-4671-95D1-616AE0CC7236}.Internal|x86.ActiveCfg = Debug|Win32
		{BB562E8D-BCA0-4671-95D1-616AE0CC7236}.Internal|x86.Build.0 = Debug|Win32
		{BB562E8D-BCA0-4671-95D1-616AE0CC7236}.Profile|x86.ActiveCfg = Debug|Win32
		{BB562E8D-BCA0-4671-95D1-616AE0CC7236}.Profile|x86.Build.0 = Debug|Win32
		{BB562E8D-BCA0-4671-95D1-616AE0CC7236}.ProfileE|x86.ActiveCfg = Debug|Win32
		{BB562E8D-BCA0-4671-95D1-616AE0CC7236}.ProfileE|x86.Build.0 = Debug|Win32
		{BB562E8D-BCA0-4671-95D1-616AE0CC7236}.Release|x86.ActiveCfg = Release|Win32
		{BB562E8D-BCA0-4671-95D1-616AE0CC7236}.Release|x86.Build.0 = Release|Win32
		{BB562E8D-BCA0-4671-95D1-616AE0CC7236}.Spanish|x86.ActiveCfg = Debug|Win32
		{BB562E8D-BCA0-4671-95D1-616AE0CC7236}.Spanish|x86.Build.0 = Debug|Win32
		{BB562E8D-BCA0-4671-95D1-616AE0CC7236}.Template|x86.ActiveCfg = Debug|Win32
		{BB562E8D-BCA0-4671-95D1-616AE0CC7236}.Template|x86.Build.0 = Debug|Win32
		{1BD63D47-0A28-4BB8-9D09-05619392E424}.Debug|x86.ActiveCfg = Debug|Win32
		{1BD63D47-0A28-4BB8-9D09-05619392E424}.Debug|x86.Build.0 = Debug|Win32
		{1BD63D47-0A28-4BB8-9D09-05619392E424}.DebugE|x86.ActiveCfg = Debug|Win32
		{1BD63D47-0A28-4BB8-9D09-05619392E424}.DebugE|x86.Build.0 = Debug|Win32
		{1BD63D47-0A28-4BB8-9D09-05619392E424}.DebugW3D|x86.ActiveCfg = Debug|Win32
		{1BD63D47-0A28-4BB8-9D09-05619392E424}.DebugW3D|x86.Build.0 = Debug|Win32
		{1BD63D47-0A28-4BB8-9D09-05619392E424}.French|x86.ActiveCfg = Debug|Win32
		{1BD63D47-0A28-4BB8-9D09-05619392E424}.French|x86.Build.0 = Debug|Win32
		{1BD63D47-0A28-4BB8-9D09-05619392E424}.German|x86.ActiveCfg = Debug|Win32
		{1BD63D47-0A28-4BB8-9D09-05619392E424}.German|x86.Build.0 = Debug|Win32
		{1BD63D47-0A28-4BB8-9D09-05619392E424}.Internal|x86.ActiveCfg = Debug|Win32
		{1BD63D47-0A28-4BB8-9D09-05619392E424}.Internal|x86.Build.0 = Debug|Win32
		{1BD63D47-0A28-4BB8-9D09-05619392E424}.Profile|x86.ActiveCfg = Debug|Win32
		{1BD63D47-0A28-4BB8-9D09-05619392E424}.Profile|x86.Build.0 = Debug|Win32
		{1BD63D47-0A28-4BB8-9D09-05619392E424}.ProfileE|x86.ActiveCfg = Debug|Win32
		{1BD63D47-0A28-4BB8-9D09-05619392E424}.ProfileE|x86.Build.0 = Debug|Win32
		{1BD63D47-0A28-4BB8-9D09-05619392E424}.Release|x86.ActiveCfg = Release|Win32
		{1BD63D47-0A28-4BB8-9D09-05619392E424}.Release|x86.Build.0 = Release|Win32
		{1BD63D47-0A28-4BB8-9D09-05619392E424}.Spanish|x86.ActiveCfg = Debug|Win32
		{1BD63D47-0A28-4BB8-9D09-05619392E424}.Spanish|x86.Build.0 = Debug|Win32
		{1BD63D47-0A28-4BB8-9D09-05619392E424}.Template|x86.ActiveCfg = Template|Win32
		{1BD63D47-0A28-4BB8-9D09-05619392E424}.Template|x86.Build.0 = Template|Win32
		{138511A2-0A5C-4251-A117-EF8C9A6CFC69}.Debug|x86.ActiveCfg = Debug|Win32
		{138511A2-0A5C-4251-A117-EF8C9A6CFC69}.Debug|x86.Build.0 = Debug|Win32
		{138511A2-0A5C-4251-A117-EF8C9A6CFC69}.DebugE|x86.ActiveCfg = Debug|Win32
		{138511A2-0A5C-4251-A117-EF8C9A6CFC69}.DebugE|x86.Build.0 = Debug|Win32
		{138511A2-0A5C-4251-A117-EF8C9A6CFC69}.DebugW3D|x86.ActiveCfg = Debug|Win32
		{138511A2-0A5C-4251-A117-EF8C9A6CFC69}.DebugW3D|x86.Build.0 = Debug|Win32
		{138511A2-0A5C-4251-A117-EF8C9A6CFC69}.French|x86.ActiveCfg = Debug|Win32
		{138511A2-0A5C-4251-A117-EF8C9A6CFC69}.French|x86.Build.0 = Debug|Win32
		{138511A2-0A5C-4251-A117-EF8C9A6CFC69}.German|x86.ActiveCfg = Debug|Win32
		{138511A2-0A5C-4251-A117-EF8C9A6CFC69}.German|x86.Build.0 = Debug|Win32
		{138511A2-0A5C-4251-A117-EF8C9A6CFC69}.Internal|x86.ActiveCfg = Internal|Win32
		{138511A2-0A5C-4251-A117-EF8C9A6CFC69}.Internal|x86.Build.0 = Internal|Win32
		{138511A2-0A5C-4251-A117-EF8C9A6CFC69}.Profile|x86.ActiveCfg = Debug|Win32
		{138511A2-0A5C-4251-A117-EF8C9A6CFC69}.Profile|x86.Build.0 = Debug|Win32
		{138511A2-0A5C-4251-A117-EF8C9A6CFC69}.ProfileE|x86.ActiveCfg = Debug|Win32
		{138511A2-0A5C-4251-A117-EF8C9A6CFC69}.ProfileE|x86.Build.0 = Debug|Win32
		{138511A2-0A5C-4251-A117-EF8C9A6CFC69}.Release|x86.ActiveCfg = Release|Win32
		{138511A2-0A5C-4251-A117-EF8C9A6CFC69}.Release|x86.Build.0 = Release|Win32
		{138511A2-0A5C-4251-A117-EF8C9A6CFC69}.Spanish|x86.ActiveCfg = Debug|Win32
		{138511A2-0A5C-4251-A117-EF8C9A6CFC69}.Spanish|x86.Build.0 = Debug|Win32
		{138511A2-0A5C-4251-A117-EF8C9A6CFC69}.Template|x86.ActiveCfg = Template|Win32
		{138511A2-0A5C-4251-A117-EF8C9A6CFC69}.Template|x86.Build.0 = Template|Win32
		{D381F252-EA40-4F69-8E53-75A1137D9C3E}.Debug|x86.ActiveCfg = Debug|Win32
		{D381F252-EA40-4F69-8E53-75A1137D9C3E}.Debug|x86.Build.0 = Debug|Win32
		{D381F252-EA40-4F69-8E53-75A1137D9C3E}.DebugE|x86.ActiveCfg = Debug|Win32
		{D381F252-EA40-4F69-8E53-75A1137D9C3E}.DebugE|x86.Build.0 = Debug|Win32
		{D381F252-EA40-4F69-8E53-75A1137D9C3E}.DebugW3D|x86.ActiveCfg = Debug|Win32
		{D381F252-EA40-4F69-8E53-75A1137D9C3E}.DebugW3D|x86.Build.0 = Debug|Win32
		{D381F252-EA40-4F69-8E53-75A1137D9C3E}.French|x86.ActiveCfg = Debug|Win32
		{D381F252-EA40-4F69-8E53-75A1137D9C3E}.French|x86.Build.0 = Debug|Win32
		{D381F252-EA40-4F69-8E53-75A1137D9C3E}.German|x86.ActiveCfg = Debug|Win32
		{D381F252-EA40-4F69-8E53-75A1137D9C3E}.German|x86.Build.0 = Debug|Win32
		{D381F252-EA40-4F69-8E53-75A1137D9C3E}.Internal|x86.ActiveCfg = Debug|Win32
		{D381F252-EA40-4F69-8E53-75A1137D9C3E}.Internal|x86.Build.0 = Debug|Win32
		{D381F252-EA40-4F69-8E53-75A1137D9C3E}.Profile|x86.ActiveCfg = Debug|Win32
		{D381F252-EA40-4F69-8E53-75A1137D9C3E}.Profile|x86.Build.0 = Debug|Win32
		{D381F252-EA40-4F69-8E53-75A1137D9C3E}.ProfileE|x86.ActiveCfg = Debug|Win32
		{D381F252-EA40-4F69-8E53-75A1137D9C3E}.ProfileE|x86.Build.0 = Debug|Win32
		{D381F252-EA40-4F69-8E53-75A1137D9C3E}.Release|x86.ActiveCfg = Release|Win32
		{D381F252-EA40-4F69-8E53-75A1137D9C3E}.Release|x86.Build.0 = Release|Win32
		{D381F252-EA40-4F69-8E53-75A1137D9C3E}.Spanish|x86.ActiveCfg = Debug|Win32
		{D381F252-EA40-4F69-8E53-75A1137D9C3E}.Spanish|x86.Build.0 = Debug|Win32
		{D381F252-EA40-4F69-8E53-75A1137D9C3E}.Template|x86.ActiveCfg = Template|Win32
		{D381F252-EA40-4F69-8E53-75A1137D9C3E}.Template|x86.Build.0 = Template|Win32
		{06DD5683-0A6C-4478-90FC-8564F57ABB2F}.Debug|x86.ActiveCfg = Debug|Win32
		{06DD5683-0A6C-4478-90FC-8564F57ABB2F}.Debug|x86.Build.0 = Debug|Win32
		{06DD5683-0A6C-4478-90FC-8564F57ABB2F}.DebugE|x86.ActiveCfg = Debug|Win32
		{06DD5683-0A6C-4478-90FC-8564F57ABB2F}.DebugE|x86.Build.0 = Debug|Win32
		{06DD5683-0A6C-4478-90FC-8564F57ABB2F}.DebugW3D|x86.ActiveCfg = Debug|Win32
		{06DD5683-0A6C-4478-90FC-8564F57ABB2F}.DebugW3D|x86.Build.0 = Debug|Win32
		{06DD5683-0A6C-4478-90FC-8564F57ABB2F}.French|x86.ActiveCfg = Debug|Win32
		{06DD5683-0A6C-4478-90FC-8564F57ABB2F}.French|x86.Build.0 = Debug|Win32
		{06DD5683-0A6C-4478-90FC-8564F57ABB2F}.German|x86.ActiveCfg = Debug|Win32
		{06DD5683-0A6C-4478-90FC-8564F57ABB2F}.German|x86.Build.0 = Debug|Win32
		{06DD5683-0A6C-4478-90FC-8564F57ABB2F}.Internal|x86.ActiveCfg = Debug|Win32
		{06DD5683-0A6C-4478-90FC-8564F57ABB2F}.Internal|x86.Build.0 = Debug|Win32
		{06DD5683-0A6C-4478-90FC-8564F57ABB2F}.Profile|x86.ActiveCfg = Debug|Win32
		{06DD5683-0A6C-4478-90FC-8564F57ABB2F}.Profile|x86.Build.0 = Debug|Win32
		{06DD5683-0A6C-4478-90FC-8564F57ABB2F}.ProfileE|x86.ActiveCfg = Debug|Win32
		{06DD5683-0A6C-4478-90FC-8564F57ABB2F}.ProfileE|x86.Build.0 = Debug|Win32
		{06DD5683-0A6C-4478-90FC-8564F57ABB2F}.Release|x86.ActiveCfg = Release|Win32
		{06DD5683-0A6C-4478-90FC-8564F57ABB2F}.Release|x86.Build.0 = Release|Win32
		{06DD5683-0A6C-4478-90FC-8564F57ABB2F}.Spanish|x86.ActiveCfg = Debug|Win32
		{06DD5683-0A6C-4478-90FC-8564F57ABB2F}.Spanish|x86.Build.0 = Debug|Win32
		{06DD5683-0A6C-4478-90FC-8564F57ABB2F}.Template|x86.ActiveCfg = Template|Win32
		{06DD5683-0A6C-4478-90FC-8564F57ABB2F}.Template|x86.Build.0 = Template|Win32
		{5A941AF7-23B6-4279-A323-EAA7BE20CC1A}.Debug|x86.ActiveCfg = Debug|Win32
		{5A941AF7-23B6-4279-A323-EAA7BE20CC1A}.Debug|x86.Build.0 = Debug|Win32
		{5A941AF7-23B6-4279-A323-EAA7BE20CC1A}.DebugE|x86.ActiveCfg = Debug|Win32
		{5A941AF7-23B6-4279-A323-EAA7BE20CC1A}.DebugE|x86.Build.0 = Debug|Win32
		{5A941AF7-23B6-4279-A323-EAA7BE20CC1A}.DebugW3D|x86.ActiveCfg = Debug|Win32
		{5A941AF7-23B6-4279-A323-EAA7BE20CC1A}.DebugW3D|x86.Build.0 = Debug|Win32
		{5A941AF7-23B6-4279-A323-EAA7BE20CC1A}.French|x86.ActiveCfg = Debug|Win32
		{5A941AF7-23B6-4279-A323-EAA7BE20CC1A}.French|x86.Build.0 = Debug|Win32
		{5A941AF7-23B6-4279-A323-EAA7BE20CC1A}.German|x86.ActiveCfg = Debug|Win32
		{5A941AF7-23B6-4279-A323-EAA7BE20CC1A}.German|x86.Build.0 = Debug|Win32
		{5A941AF7-23B6-4279-A323-EAA7BE20CC1A}.Internal|x86.ActiveCfg = Internal|Win32
		{5A941AF7-23B6-4279-A323-EAA7BE20CC1A}.Internal|x86.Build.0 = Internal|Win32
		{5A941AF7-23B6-4279-A323-EAA7BE20CC1A}.Profile|x86.ActiveCfg = Debug|Win32
		{5A941AF7-23B6-4279-A323-EAA7BE20CC1A}.Profile|x86.Build.0 = Debug|Win32
		{5A941AF7-23B6-4279-A323-EAA7BE20CC1A}.ProfileE|x86.ActiveCfg = Debug|Win32
		{5A941AF7-23B6-4279-A323-EAA7BE20CC1A}.ProfileE|x86.Build.0 = Debug|Win32
		{5A941AF7-23B6-4279-A323-EAA7BE20CC1A}.Release|x86.ActiveCfg = Release|Win32
		{5A941AF7-23B6-4279-A323-EAA7BE20CC1A}.Release|x86.Build.0 = Release|Win32
		{5A941AF7-23B6-4279-A323-EAA7BE20CC1A}.Spanish|x86.ActiveCfg = Debug|Win32
		{5A941AF7-23B6-4279-A323-EAA7BE20CC1A}.Spanish|x86.Build.0 = Debug|Win32
		{5A941AF7-23B6-4279-A323-EAA7BE20CC1A}.Template|x86.ActiveCfg = Template|Win32
		{5A941AF7-23B6-4279-A323-EAA7BE20CC1A}.Template|x86.Build.0 = Template|Win32
		{C82FB083-5EA3-432F-A968-2861B387F50F}.Debug|x86.ActiveCfg = Debug|Win32
		{C82FB083-5EA3-432F-A968-2861B387F50F}.Debug|x86.Build.0 = Debug|Win32
		{C82FB083-5EA3-432F-A968-2861B387F50F}.DebugE|x86.ActiveCfg = Debug|Win32
		{C82FB083-5EA3-432F-A968-2861B387F50F}.DebugE|x86.Build.0 = Debug|Win32
		{C82FB083-5EA3-432F-A968-2861B387F50F}.DebugW3D|x86.ActiveCfg = Debug|Win32
		{C82FB083-5EA3-432F-A968-2861B387F50F}.DebugW3D|x86.Build.0 = Debug|Win32
		{C82FB083-5EA3-432F-A968-2861B387F50F}.French|x86.ActiveCfg = Debug|Win32
		{C82FB083-5EA3-432F-A968-2861B387F50F}.French|x86.Build.0 = Debug|Win32
		{C82FB083-5EA3-432F-A968-2861B387F50F}.German|x86.ActiveCfg = Debug|Win32
		{C82FB083-5EA3-432F-A968-2861B387F50F}.German|x86.Build.0 = Debug|Win32
		{C82FB083-5EA3-432F-A968-2861B387F50F}.Internal|x86.ActiveCfg = Internal|Win32
		{C82FB083-5EA3-432F-A968-2861B387F50F}.Internal|x86.Build.0 = Internal|Win32
		{C82FB083-5EA3-432F-A968-2861B387F50F}.Profile|x86.ActiveCfg = Debug|Win32
		{C82FB083-5EA3-432F-A968-2861B387F50F}.Profile|x86.Build.0 = Debug|Win32
		{C82FB083-5EA3-432F-A968-2861B387F50F}.ProfileE|x86.ActiveCfg = Debug|Win32
		{C82FB083-5EA3-432F-A968-2861B387F50F}.ProfileE|x86.Build.0 = Debug|Win32
		{C82FB083-5EA3-432F-A968-2861B387F50F}.Release|x86.ActiveCfg = Release|Win32
		{C82FB083-5EA3-432F-A968-2861B387F50F}.Release|x86.Build.0 = Release|Win32
		{C82FB083-5EA3-432F-A968-2861B387F50F}.Spanish|x86.ActiveCfg = Debug|Win32
		{C82FB083-5EA3-432F-A968-2861B387F50F}.Spanish|x86.Build.0 = Debug|Win32
		{C82FB083-5EA3-432F-A968-2861B387F50F}.Template|x86.ActiveCfg = Template|Win32
		{C82FB083-5EA3-432F-A968-2861B387F50F}.Template|x86.Build.0 = Template|Win32
		{20664561-E9CB-4DC2-B781-DBE0118AAAAE}.Debug|x86.ActiveCfg = Debug|Win32
		{20664561-E9CB-4DC2-B781-DBE0118AAAAE}.Debug|x86.Build.0 = Debug|Win32
		{20664561-E9CB-4DC2-B781-DBE0118AAAAE}.DebugE|x86.ActiveCfg = Debug|Win32
		{20664561-E9CB-4DC2-B781-DBE0118AAAAE}.DebugE|x86.Build.0 = Debug|Win32
		{20664561-E9CB-4DC2-B781-DBE0118AAAAE}.DebugW3D|x86.ActiveCfg = Debug|Win32
		{20664561-E9CB-4DC2-B781-DBE0118AAAAE}.DebugW3D|x86.Build.0 = Debug|Win32
		{20664561-E9CB-4DC2-B781-DBE0118AAAAE}.French|x86.ActiveCfg = Debug|Win32
		{20664561-E9CB-4DC2-B781-DBE0118AAAAE}.French|x86.Build.0 = Debug|Win32
		{20664561-E9CB-4DC2-B781-DBE0118AAAAE}.German|x86.ActiveCfg = Debug|Win32
		{20664561-E9CB-4DC2-B781-DBE0118AAAAE}.German|x86.Build.0 = Debug|Win32
		{20664561-E9CB-4DC2-B781-DBE0118AAAAE}.Internal|x86.ActiveCfg = Internal|Win32
		{20664561-E9CB-4DC2-B781-DBE0118AAAAE}.Internal|x86.Build.0 = Internal|Win32
		{20664561-E9CB-4DC2-B781-DBE0118AAAAE}.Profile|x86.ActiveCfg = Profile|Win32
		{20664561-E9CB-4DC2-B781-DBE0118AAAAE}.Profile|x86.Build.0 = Profile|Win32
		{20664561-E9CB-4DC2-B781-DBE0118AAAAE}.ProfileE|x86.ActiveCfg = Profile|Win32
		{20664561-E9CB-4DC2-B781-DBE0118AAAAE}.ProfileE|x86.Build.0 = Profile|Win32
		{20664561-E9CB-4DC2-B781-DBE0118AAAAE}.Release|x86.ActiveCfg = Release|Win32
		{20664561-E9CB-4DC2-B781-DBE0118AAAAE}.Release|x86.Build.0 = Release|Win32
		{20664561-E9CB-4DC2-B781-DBE0118AAAAE}.Spanish|x86.ActiveCfg = Debug|Win32
		{20664561-E9CB-4DC2-B781-DBE0118AAAAE}.Spanish|x86.Build.0 = Debug|Win32
		{20664561-E9CB-4DC2-B781-DBE0118AAAAE}.Template|x86.ActiveCfg = Template|Win32
		{20664561-E9CB-4DC2-B781-DBE0118AAAAE}.Template|x86.Build.0 = Template|Win32
		{6A787518-9E62-4609-A73D-3E7BDAED96D5}.Debug|x86.ActiveCfg = Debug|Win32
		{6A787518-9E62-4609-A73D-3E7BDAED96D5}.Debug|x86.Build.0 = Debug|Win32
		{6A787518-9E62-4609-A73D-3E7BDAED96D5}.DebugE|x86.ActiveCfg = Debug|Win32
		{6A787518-9E62-4609-A73D-3E7BDAED96D5}.DebugE|x86.Build.0 = Debug|Win32
		{6A787518-9E62-4609-A73D-3E7BDAED96D5}.DebugW3D|x86.ActiveCfg = Debug|Win32
		{6A787518-9E62-4609-A73D-3E7BDAED96D5}.DebugW3D|x86.Build.0 = Debug|Win32
		{6A787518-9E62-4609-A73D-3E7BDAED96D5}.French|x86.ActiveCfg = Debug|Win32
		{6A787518-9E62-4609-A73D-3E7BDAED96D5}.French|x86.Build.0 = Debug|Win32
		{6A787518-9E62-4609-A73D-3E7BDAED96D5}.German|x86.ActiveCfg = Debug|Win32
		{6A787518-9E62-4609-A73D-3E7BDAED96D5}.German|x86.Build.0 = Debug|Win32
		{6A787518-9E62-4609-A73D-3E7BDAED96D5}.Internal|x86.ActiveCfg = Internal|Win32
		{6A787518-9E62-4609-A73D-3E7BDAED96D5}.Internal|x86.Build.0 = Internal|Win32
		{6A787518-9E62-4609-A73D-3E7BDAED96D5}.Profile|x86.ActiveCfg = Profile|Win32
		{6A787518-9E62-4609-A73D-3E7BDAED96D5}.Profile|x86.Build.0 = Profile|Win32
		{6A787518-9E62-4609-A73D-3E7BDAED96D5}.ProfileE|x86.ActiveCfg = Profile|Win32
		{6A787518-9E62-4609-A73D-3E7BDAED96D5}.ProfileE|x86.Build.0 = Profile|Win32
		{6A787518-9E62-4609-A73D-3E7BDAED96D5}.Release|x86.ActiveCfg = Release|Win32
		{6A787518-9E62-4609-A73D-3E7BDAED96D5}.Release|x86.Build.0 = Release|Win32
		{6A787518-9E62-4609-A73D-3E7BDAED96D5}.Spanish|x86.ActiveCfg = Debug|Win32
		{6A787518-9E62-4609-A73D-3E7BDAED96D5}.Spanish|x86.Build.0 = Debug|Win32
		{6A787518-9E62-4609-A73D-3E7BDAED96D5}.Template|x86.ActiveCfg = Template|Win32
		{6A787518-9E62-4609-A73D-3E7BDAED96D5}.Template|x86.Build.0 = Template|Win32
		{BFB5A271-0AC9-4748-9F6A-4F0BE378DED6}.Debug|x86.ActiveCfg = Debug|Win32
		{BFB5A271-0AC9-4748-9F6A-4F0BE378DED6}.Debug|x86.Build.0 = Debug|Win32
		{BFB5A271-0AC9-4748-9F6A-4F0BE378DED6}.DebugE|x86.ActiveCfg = Debug|Win32
		{BFB5A271-0AC9-4748-9F6A-4F0BE378DED6}.DebugE|x86.Build.0 = Debug|Win32
		{BFB5A271-0AC9-4748-9F6A-4F0BE378DED6}.DebugW3D|x86.ActiveCfg = Debug|Win32
		{BFB5A271-0AC9-4748-9F6A-4F0BE378DED6}.DebugW3D|x86.Build.0 = Debug|Win32
		{BFB5A271-0AC9-4748-9F6A-4F0BE378DED6}.French|x86.ActiveCfg = Debug|Win32
		{BFB5A271-0AC9-4748-9F6A-4F0BE378DED6}.French|x86.Build.0 = Debug|Win32
		{BFB5A271-0AC9-4748-9F6A-4F0BE378DED6}.German|x86.ActiveCfg = Debug|Win32
		{BFB5A271-0AC9-4748-9F6A-4F0BE378DED6}.German|x86.Build.0 = Debug|Win32
		{BFB5A271-0AC9-4748-9F6A-4F0BE378DED6}.Internal|x86.ActiveCfg = Internal|Win32
		{BFB5A271-0AC9-4748-9F6A-4F0BE378DED6}.Internal|x86.Build.0 = Internal|Win32
		{BFB5A271-0AC9-4748-9F6A-4F0BE378DED6}.Profile|x86.ActiveCfg = Debug|Win32
		{BFB5A271-0AC9-4748-9F6A-4F0BE378DED6}.Profile|x86.Build.0 = Debug|Win32
		{BFB5A271-0AC9-4748-9F6A-4F0BE378DED6}.ProfileE|x86.ActiveCfg = Debug|Win32
		{BFB5A271-0AC9-4748-9F6A-4F0BE378DED6}.ProfileE|x86.Build.0 = Debug|Win32
		{BFB5A271-0AC9-4748-9F6A-4F0BE378DED6}.Release|x86.ActiveCfg = Release|Win32
		{BFB5A271-0AC9-4748-9F6A-4F0BE378DED6}.Release|x86.Build.0 = Release|Win32
		{BFB5A271-0AC9-4748-9F6A-4F0BE378DED6}.Spanish|x86.ActiveCfg = Debug|Win32
		{BFB5A271-0AC9-4748-9F6A-4F0BE378DED6}.Spanish|x86.Build.0 = Debug|Win32
		{BFB5A271-0AC9-4748-9F6A-4F0BE378DED6}.Template|x86.ActiveCfg = Template|Win32
		{BFB5A271-0AC9-4748-9F6A-4F0BE378DED6}.Template|x86.Build.0 = Template|Win32
		{6F22DA89-AE7F-4D4E-B3B2-05EBCA7C584C}.Debug|x86.ActiveCfg = Debug|Win32
		{6F22DA89-AE7F-4D4E-B3B2-05EBCA7C584C}.Debug|x86.Build.0 = Debug|Win32
		{6F22DA89-AE7F-4D4E-B3B2-05EBCA7C584C}.DebugE|x86.ActiveCfg = Debug|Win32
		{6F22DA89-AE7F-4D4E-B3B2-05EBCA7C584C}.DebugE|x86.Build.0 = Debug|Win32
		{6F22DA89-AE7F-4D4E-B3B2-05EBCA7C584C}.DebugW3D|x86.ActiveCfg = Debug|Win32
		{6F22DA89-AE7F-4D4E-B3B2-05EBCA7C584C}.DebugW3D|x86.Build.0 = Debug|Win32
		{6F22DA89-AE7F-4D4E-B3B2-05EBCA7C584C}.French|x86.ActiveCfg = Debug|Win32
		{6F22DA89-AE7F-4D4E-B3B2-05EBCA7C584C}.French|x86.Build.0 = Debug|Win32
		{6F22DA89-AE7F-4D4E-B3B2-05EBCA7C584C}.German|x86.ActiveCfg = Debug|Win32
		{6F22DA89-AE7F-4D4E-B3B2-05EBCA7C584C}.German|x86.Build.0 = Debug|Win32
		{6F22DA89-AE7F-4D4E-B3B2-05EBCA7C584C}.Internal|x86.ActiveCfg = Internal|Win32
		{6F22DA89-AE7F-4D4E-B3B2-05EBCA7C584C}.Internal|x86.Build.0 = Internal|Win32
		{6F22DA89-AE7F-4D4E-B3B2-05EBCA7C584C}.Profile|x86.ActiveCfg = Debug|Win32
		{6F22DA89-AE7F-4D4E-B3B2-05EBCA7C584C}.Profile|x86.Build.0 = Debug|Win32
		{6F22DA89-AE7F-4D4E-B3B2-05EBCA7C584C}.ProfileE|x86.ActiveCfg = Debug|Win32
		{6F22DA89-AE7F-4D4E-B3B2-05EBCA7C584C}.ProfileE|x86.Build.0 = Debug|Win32
		{6F22DA89-AE7F-4D4E-B3B2-05EBCA7C584C}.Release|x86.ActiveCfg = Release|Win32
		{6F22DA89-AE7F-4D4E-B3B2-05EBCA7C584C}.Release|x86.Build.0 = Release|Win32
		{6F22DA89-AE7F-4D4E-B3B2-05EBCA7C584C}.Spanish|x86.ActiveCfg = Debug|Win32
		{6F22DA89-AE7F-4D4E-B3B2-05EBCA7C584C}.Spanish|x86.Build.0 = Debug|Win32
		{6F22DA89-AE7F-4D4E-B3B2-05EBCA7C584C}.Template|x86.ActiveCfg = Template|Win32
		{6F22DA89-AE7F-4D4E-B3B2-05EBCA7C584C}.Template|x86.Build.0 = Template|Win32
		{67B64FF2-9DDE-44E1-B049-571BDF27F89E}.Debug|x86.ActiveCfg = Debug|Win32
		{67B64FF2-9DDE-44E1-B049-571BDF27F89E}.Debug|x86.Build.0 = Debug|Win32
		{67B64FF2-9DDE-44E1-B049-571BDF27F89E}.DebugE|x86.ActiveCfg = Debug|Win32
		{67B64FF2-9DDE-44E1-B049-571BDF27F89E}.DebugE|x86.Build.0 = Debug|Win32
		{67B64FF2-9DDE-44E1-B049-571BDF27F89E}.DebugW3D|x86.ActiveCfg = Debug|Win32
		{67B64FF2-9DDE-44E1-B049-571BDF27F89E}.DebugW3D|x86.Build.0 = Debug|Win32
		{67B64FF2-9DDE-44E1-B049-571BDF27F89E}.French|x86.ActiveCfg = Debug|Win32
		{67B64FF2-9DDE-44E1-B049-571BDF27F89E}.French|x86.Build.0 = Debug|Win32
		{67B64FF2-9DDE-44E1-B049-571BDF27F89E}.German|x86.ActiveCfg = Debug|Win32
		{67B64FF2-9DDE-44E1-B049-571BDF27F89E}.German|x86.Build.0 = Debug|Win32
		{67B64FF2-9DDE-44E1-B049-571BDF27F89E}.Internal|x86.ActiveCfg = Debug|Win32
		{67B64FF2-9DDE-44E1-B049-571BDF27F89E}.Internal|x86.Build.0 = Debug|Win32
		{67B64FF2-9DDE-44E1-B049-571BDF27F89E}.Profile|x86.ActiveCfg = Debug|Win32
		{67B64FF2-9DDE-44E1-B049-571BDF27F89E}.Profile|x86.Build.0 = Debug|Win32
		{67B64FF2-9DDE-44E1-B049-571BDF27F89E}.ProfileE|x86.ActiveCfg = Debug|Win32
		{67B64FF2-9DDE-44E1-B049-571BDF27F89E}.ProfileE|x86.Build.0 = Debug|Win32
		{67B64FF2-9DDE-44E1-B049-571BDF27F89E}.Release|x86.ActiveCfg = Release|Win32
		{67B64FF2-9DDE-44E1-B049-571BDF27F89E}.Release|x86.Build.0 = Release|Win32
		{67B64FF2-9DDE-44E1-B049-571BDF27F89E}.Spanish|x86.ActiveCfg = Debug|Win32
		{67B64FF2-9DDE-44E1-B049-571BDF27F89E}.Spanish|x86.Build.0 = Debug|Win32
		{67B64FF2-9DDE-44E1-B049-571BDF27F89E}.Template|x86.ActiveCfg = Template|Win32
		{67B64FF2-9DDE-44E1-B049-571BDF27F89E}.Template|x86.Build.0 = Template|Win32
		{43C03651-A1C8-450C-9E75-4A438CC4F520}.Debug|x86.ActiveCfg = Debug|Win32
		{43C03651-A1C8-450C-9E75-4A438CC4F520}.Debug|x86.Build.0 = Debug|Win32
		{43C03651-A1C8-450C-9E75-4A438CC4F520}.DebugE|x86.ActiveCfg = Debug|Win32
		{43C03651-A1C8-450C-9E75-4A438CC4F520}.DebugE|x86.Build.0 = Debug|Win32
		{43C03651-A1C8-450C-9E75-4A438CC4F520}.DebugW3D|x86.ActiveCfg = DebugW3D|Win32
		{43C03651-A1C8-450C-9E75-4A438CC4F520}.DebugW3D|x86.Build.0 = DebugW3D|Win32
		{43C03651-A1C8-450C-9E75-4A438CC4F520}.French|x86.ActiveCfg = Debug|Win32
		{43C03651-A1C8-450C-9E75-4A438CC4F520}.French|x86.Build.0 = Debug|Win32
		{43C03651-A1C8-450C-9E75-4A438CC4F520}.German|x86.ActiveCfg = Debug|Win32
		{43C03651-A1C8-450C-9E75-4A438CC4F520}.German|x86.Build.0 = Debug|Win32
		{43C03651-A1C8-450C-9E75-4A438CC4F520}.Internal|x86.ActiveCfg = Internal|Win32
		{43C03651-A1C8-450C-9E75-4A438CC4F520}.Internal|x86.Build.0 = Internal|Win32
		{43C03651-A1C8-450C-9E75-4A438CC4F520}.Profile|x86.ActiveCfg = Profile|Win32
		{43C03651-A1C8-450C-9E75-4A438CC4F520}.Profile|x86.Build.0 = Profile|Win32
		{43C03651-A1C8-450C-9E75-4A438CC4F520}.ProfileE|x86.ActiveCfg = Profile|Win32
		{43C03651-A1C8-450C-9E75-4A438CC4F520}.ProfileE|x86.Build.0 = Profile|Win32
		{43C03651-A1C8-450C-9E75-4A438CC4F520}.Release|x86.ActiveCfg = Release|Win32
		{43C03651-A1C8-450C-9E75-4A438CC4F520}.Release|x86.Build.0 = Release|Win32
		{43C03651-A1C8-450C-9E75-4A438CC4F520}.Spanish|x86.ActiveCfg = Debug|Win32
		{43C03651-A1C8-450C-9E75-4A438CC4F520}.Spanish|x86.Build.0 = Debug|Win32
		{43C03651-A1C8-450C-9E75-4A438CC4F520}.Template|x86.ActiveCfg = Template|Win32
		{43C03651-A1C8-450C-9E75-4A438CC4F520}.Template|x86.Build.0 = Template|Win32
		{588D2443-DF34-4EC7-B8AD-00BBBC05886A}.Debug|x86.ActiveCfg = Debug|Win32
		{588D2443-DF34-4EC7-B8AD-00BBBC05886A}.Debug|x86.Build.0 = Debug|Win32
		{588D2443-DF34-4EC7-B8AD-00BBBC05886A}.DebugE|x86.ActiveCfg = Debug|Win32
		{588D2443-DF34-4EC7-B8AD-00BBBC05886A}.DebugE|x86.Build.0 = Debug|Win32
		{588D2443-DF34-4EC7-B8AD-00BBBC05886A}.DebugW3D|x86.ActiveCfg = Debug|Win32
		{588D2443-DF34-4EC7-B8AD-00BBBC05886A}.DebugW3D|x86.Build.0 = Debug|Win32
		{588D2443-DF34-4EC7-B8AD-00BBBC05886A}.French|x86.ActiveCfg = Debug|Win32
		{588D2443-DF34-4EC7-B8AD-00BBBC05886A}.French|x86.Build.0 = Debug|Win32
		{588D2443-DF34-4EC7-B8AD-00BBBC05886A}.German|x86.ActiveCfg = Debug|Win32
		{588D2443-DF34-4EC7-B8AD-00BBBC05886A}.German|x86.Build.0 = Debug|Win32
		{588D2443-DF34-4EC7-B8AD-00BBBC05886A}.Internal|x86.ActiveCfg = Internal|Win32
		{588D2443-DF34-4EC7-B8AD-00BBBC05886A}.Internal|x86.Build.0 = Internal|Win32
		{588D2443-DF34-4EC7-B8AD-00BBBC05886A}.Profile|x86.ActiveCfg = Debug|Win32
		{588D2443-DF34-4EC7-B8AD-00BBBC05886A}.Profile|x86.Build.0 = Debug|Win32
		{588D2443-DF34-4EC7-B8AD-00BBBC05886A}.ProfileE|x86.ActiveCfg = Debug|Win32
		{588D2443-DF34-4EC7-B8AD-00BBBC05886A}.ProfileE|x86.Build.0 = Debug|Win32
		{588D2443-DF34-4EC7-B8AD-00BBBC05886A}.Release|x86.ActiveCfg = Release|Win32
		{588D2443-DF34-4EC7-B8AD-00BBBC05886A}.Release|x86.Build.0 = Release|Win32
		{588D2443-DF34-4EC7-B8AD-00BBBC05886A}.Spanish|x86.ActiveCfg = Debug|Win32
		{588D2443-DF34-4EC7-B8AD-00BBBC05886A}.Spanish|x86.Build.0 = Debug|Win32
		{588D2443-DF34-4EC7-B8AD-00BBBC05886A}.Template|x86.ActiveCfg = Template|Win32
		{588D2443-DF34-4EC7-B8AD-00BBBC05886A}.Template|x86.Build.0 = Template|Win32
		{81D6340D-F56B-4F7E-B4FF-F3D426E56DB6}.Debug|x86.ActiveCfg = Debug|Win32
		{81D6340D-F56B-4F7E-B4FF-F3D426E56DB6}.Debug|x86.Build.0 = Debug|Win32
		{81D6340D-F56B-4F7E-B4FF-F3D426E56DB6}.DebugE|x86.ActiveCfg = Debug|Win32
		{81D6340D-F56B-4F7E-B4FF-F3D426E56DB6}.DebugE|x86.Build.0 = Debug|Win32
		{81D6340D-F56B-4F7E-B4FF-F3D426E56DB6}.DebugW3D|x86.ActiveCfg = Debug|Win32
		{81D6340D-F56B-4F7E-B4FF-F3D426E56DB6}.DebugW3D|x86.Build.0 = Debug|Win32
		{81D6340D-F56B-4F7E-B4FF-F3D426E56DB6}.French|x86.ActiveCfg = Debug|Win32
		{81D6340D-F56B-4F7E-B4FF-F3D426E56DB6}.French|x86.Build.0 = Debug|Win32
		{81D6340D-F56B-4F7E-B4FF-F3D426E56DB6}.German|x86.ActiveCfg = Debug|Win32
		{81D6340D-F56B-4F7E-B4FF-F3D426E56DB6}.German|x86.Build.0 = Debug|Win32
		{81D6340D-F56B-4F7E-B4FF-F3D426E56DB6}.Internal|x86.ActiveCfg = Internal|Win32
		{81D6340D-F56B-4F7E-B4FF-F3D426E56DB6}.Internal|x86.Build.0 = Internal|Win32
		{81D6340D-F56B-4F7E-B4FF-F3D426E56DB6}.Profile|x86.ActiveCfg = Debug|Win32
		{81D6340D-F56B-4F7E-B4FF-F3D426E56DB6}.Profile|x86.Build.0 = Debug|Win32
		{81D6340D-F56B-4F7E-B4FF-F3D426E56DB6}.ProfileE|x86.ActiveCfg = Debug|Win32
		{81D6340D-F56B-4F7E-B4FF-F3D426E56DB6}.ProfileE|x86.Build.0 = Debug|Win32
		{81D6340D-F56B-4F7E-B4FF-F3D426E56DB6}.Release|x86.ActiveCfg = Release|Win32
		{81D6340D-F56B-4F7E-B4FF-F3D426E56DB6}.Release|x86.Build.0 = Release|Win32
		{81D6340D-F56B-4F7E-B4FF-F3D426E56DB6}.Spanish|x86.ActiveCfg = Debug|Win32
		{81D6340D-F56B-4F7E-B4FF-F3D426E56DB6}.Spanish|x86.Build.0 = Debug|Win32
		{81D6340D-F56B-4F7E-B4FF-F3D426E56DB6}.Template|x86.ActiveCfg = Template|Win32
		{81D6340D-F56B-4F7E-B4FF-F3D426E56DB6}.Template|x86.Build.0 = Template|Win32
		{D8C23887-A5F1-4F6D-AD12-2CC864EEDF14}.Debug|x86.ActiveCfg = Debug|Win32
		{D8C23887-A5F1-4F6D-AD12-2CC864EEDF14}.Debug|x86.Build.0 = Debug|Win32
		{D8C23887-A5F1-4F6D-AD12-2CC864EEDF14}.DebugE|x86.ActiveCfg = Debug|Win32
		{D8C23887-A5F1-4F6D-AD12-2CC864EEDF14}.DebugE|x86.Build.0 = Debug|Win32
		{D8C23887-A5F1-4F6D-AD12-2CC864EEDF14}.DebugW3D|x86.ActiveCfg = Debug|Win32
		{D8C23887-A5F1-4F6D-AD12-2CC864EEDF14}.DebugW3D|x86.Build.0 = Debug|Win32
		{D8C23887-A5F1-4F6D-AD12-2CC864EEDF14}.French|x86.ActiveCfg = Debug|Win32
		{D8C23887-A5F1-4F6D-AD12-2CC864EEDF14}.French|x86.Build.0 = Debug|Win32
		{D8C23887-A5F1-4F6D-AD12-2CC864EEDF14}.German|x86.ActiveCfg = Debug|Win32
		{D8C23887-A5F1-4F6D-AD12-2CC864EEDF14}.German|x86.Build.0 = Debug|Win32
		{D8C23887-A5F1-4F6D-AD12-2CC864EEDF14}.Internal|x86.ActiveCfg = Debug|Win32
		{D8C23887-A5F1-4F6D-AD12-2CC864EEDF14}.Internal|x86.Build.0 = Debug|Win32
		{D8C23887-A5F1-4F6D-AD12-2CC864EEDF14}.Profile|x86.ActiveCfg = Debug|Win32
		{D8C23887-A5F1-4F6D-AD12-2CC864EEDF14}.Profile|x86.Build.0 = Debug|Win32
		{D8C23887-A5F1-4F6D-AD12-2CC864EEDF14}.ProfileE|x86.ActiveCfg = Debug|Win32
		{D8C23887-A5F1-4F6D-AD12-2CC864EEDF14}.ProfileE|x86.Build.0 = Debug|Win32
		{D8C23887-A5F1-4F6D-AD12-2CC864EEDF14}.Release|x86.ActiveCfg = Release|Win32
		{D8C23887-A5F1-4F6D-AD12-2CC864EEDF14}.Release|x86.Build.0 = Release|Win32
		{D8C23887-A5F1-4F6D-AD12-2CC864EEDF14}.Spanish|x86.ActiveCfg = Debug|Win32
		{D8C23887-A5F1-4F6D-AD12-2CC864EEDF14}.Spanish|x86.Build.0 = Debug|Win32
		{D8C23887-A5F1-4F6D-AD12-2CC864EEDF14}.Template|x86.ActiveCfg = Template|Win32
		{D8C23887-A5F1-4F6D-AD12-2CC864EEDF14}.Template|x86.Build.0 = Template|Win32
		{F6BD128F-6508-4707-8F55-F02232D292DB}.Debug|x86.ActiveCfg = Debug|Win32
		{F6BD128F-6508-4707-8F55-F02232D292DB}.Debug|x86.Build.0 = Debug|Win32
		{F6BD128F-6508-4707-8F55-F02232D292DB}.DebugE|x86.ActiveCfg = Debug|Win32
		{F6BD128F-6508-4707-8F55-F02232D292DB}.DebugE|x86.Build.0 = Debug|Win32
		{F6BD128F-6508-4707-8F55-F02232D292DB}.DebugW3D|x86.ActiveCfg = Debug|Win32
		{F6BD128F-6508-4707-8F55-F02232D292DB}.DebugW3D|x86.Build.0 = Debug|Win32
		{F6BD128F-6508-4707-8F55-F02232D292DB}.French|x86.ActiveCfg = Debug|Win32
		{F6BD128F-6508-4707-8F55-F02232D292DB}.French|x86.Build.0 = Debug|Win32
		{F6BD128F-6508-4707-8F55-F02232D292DB}.German|x86.ActiveCfg = Debug|Win32
		{F6BD128F-6508-4707-8F55-F02232D292DB}.German|x86.Build.0 = Debug|Win32
		{F6BD128F-6508-4707-8F55-F02232D292DB}.Internal|x86.ActiveCfg = Debug|Win32
		{F6BD128F-6508-4707-8F55-F02232D292DB}.Internal|x86.Build.0 = Debug|Win32
		{F6BD128F-6508-4707-8F55-F02232D292DB}.Profile|x86.ActiveCfg = Debug|Win32
		{F6BD128F-6508-4707-8F55-F02232D292DB}.Profile|x86.Build.0 = Debug|Win32
		{F6BD128F-6508-4707-8F55-F02232D292DB}.ProfileE|x86.ActiveCfg = Debug|Win32
		{F6BD128F-6508-4707-8F55-F02232D292DB}.ProfileE|x86.Build.0 = Debug|Win32
		{F6BD128F-6508-4707-8F55-F02232D292DB}.Release|x86.ActiveCfg = Release|Win32
		{F6BD128F-6508-4707-8F55-F02232D292DB}.Release|x86.Build.0 = Release|Win32
		{F6BD128F-6508-4707-8F55-F02232D292DB}.Spanish|x86.ActiveCfg = Debug|Win32
		{F6BD128F-6508-4707-8F55-F02232D292DB}.Spanish|x86.Build.0 = Debug|Win32
		{F6BD128F-6508-4707-8F55-F02232D292DB}.Template|x86.ActiveCfg = Template|Win32
		{F6BD128F-6508-4707-8F55-F02232D292DB}.Template|x86.Build.0 = Template|Win32
		{7EDF853C-DBB5-4342-8E5C-6D774EC72C0D}.Debug|x86.ActiveCfg = Debug|Win32
		{7EDF853C-DBB5-4342-8E5C-6D774EC72C0D}.Debug|x86.Build.0 = Debug|Win32
		{7EDF853C-DBB5-4342-8E5C-6D774EC72C0D}.DebugE|x86.ActiveCfg = Debug|Win32
		{7EDF853C-DBB5-4342-8E5C-6D774EC72C0D}.DebugE|x86.Build.0 = Debug|Win32
		{7EDF853C-DBB5-4342-8E5C-6D774EC72C0D}.DebugW3D|x86.ActiveCfg = Debug|Win32
		{7EDF853C-DBB5-4342-8E5C-6D774EC72C0D}.DebugW3D|x86.Build.0 = Debug|Win32
		{7EDF853C-DBB5-4342-8E5C-6D774EC72C0D}.French|x86.ActiveCfg = Debug|Win32
		{7EDF853C-DBB5-4342-8E5C-6D774EC72C0D}.French|x86.Build.0 = Debug|Win32
		{7EDF853C-DBB5-4342-8E5C-6D774EC72C0D}.German|x86.ActiveCfg = Debug|Win32
		{7EDF853C-DBB5-4342-8E5C-6D774EC72C0D}.German|x86.Build.0 = Debug|Win32
		{7EDF853C-DBB5-4342-8E5C-6D774EC72C0D}.Internal|x86.ActiveCfg = Internal|Win32
		{7EDF853C-DBB5-4342-8E5C-6D774EC72C0D}.Internal|x86.Build.0 = Internal|Win32
		{7EDF853C-DBB5-4342-8E5C-6D774EC72C0D}.Profile|x86.ActiveCfg = Profile|Win32
		{7EDF853C-DBB5-4342-8E5C-6D774EC72C0D}.Profile|x86.Build.0 = Profile|Win32
		{7EDF853C-DBB5-4342-8E5C-6D774EC72C0D}.ProfileE|x86.ActiveCfg = Profile|Win32
		{7EDF853C-DBB5-4342-8E5C-6D774EC72C0D}.ProfileE|x86.Build.0 = Profile|Win32
		{7EDF853C-DBB5-4342-8E5C-6D774EC72C0D}.Release|x86.ActiveCfg = Release|Win32
		{7EDF853C-DBB5-4342-8E5C-6D774EC72C0D}.Release|x86.Build.0 = Release|Win32
		{7EDF853C-DBB5-4342-8E5C-6D774EC72C0D}.Spanish|x86.ActiveCfg = Debug|Win32
		{7EDF853C-DBB5-4342-8E5C-6D774EC72C0D}.Spanish|x86.Build.0 = Debug|Win32
		{7EDF853C-DBB5-4342-8E5C-6D774EC72C0D}.Template|x86.ActiveCfg = Template|Win32
		{7EDF853C-DBB5-4342-8E5C-6D774EC72C0D}.Template|x86.Build.0 = Template|Win32
		{0BA1EDA8-901D-473C-961C-48CDDB607A3B}.Debug|x86.ActiveCfg = Debug|Win32
		{0BA1EDA8-901D-473C-961C-48CDDB607A3B}.Debug|x86.Build.0 = Debug|Win32
		{0BA1EDA8-901D-473C-961C-48CDDB607A3B}.DebugE|x86.ActiveCfg = Debug|Win32
		{0BA1EDA8-901D-473C-961C-48CDDB607A3B}.DebugE|x86.Build.0 = Debug|Win32
		{0BA1EDA8-901D-473C-961C-48CDDB607A3B}.DebugW3D|x86.ActiveCfg = Debug|Win32
		{0BA1EDA8-901D-473C-961C-48CDDB607A3B}.DebugW3D|x86.Build.0 = Debug|Win32
		{0BA1EDA8-901D-473C-961C-48CDDB607A3B}.French|x86.ActiveCfg = Debug|Win32
		{0BA1EDA8-901D-473C-961C-48CDDB607A3B}.French|x86.Build.0 = Debug|Win32
		{0BA1EDA8-901D-473C-961C-48CDDB607A3B}.German|x86.ActiveCfg = Debug|Win32
		{0BA1EDA8-901D-473C-961C-48CDDB607A3B}.German|x86.Build.0 = Debug|Win32
		{0BA1EDA8-901D-473C-961C-48CDDB607A3B}.Internal|x86.ActiveCfg = Debug|Win32
		{0BA1EDA8-901D-473C-961C-48CDDB607A3B}.Internal|x86.Build.0 = Debug|Win32
		{0BA1EDA8-901D-473C-961C-48CDDB607A3B}.Profile|x86.ActiveCfg = Debug|Win32
		{0BA1EDA8-901D-473C-961C-48CDDB607A3B}.Profile|x86.Build.0 = Debug|Win32
		{0BA1EDA8-901D-473C-961C-48CDDB607A3B}.ProfileE|x86.ActiveCfg = Debug|Win32
		{0BA1EDA8-901D-473C-961C-48CDDB607A3B}.ProfileE|x86.Build.0 = Debug|Win32
		{0BA1EDA8-901D-473C-961C-48CDDB607A3B}.Release|x86.ActiveCfg = Release|Win32
		{0BA1EDA8-901D-473C-961C-48CDDB607A3B}.Release|x86.Build.0 = Release|Win32
		{0BA1EDA8-901D-473C-961C-48CDDB607A3B}.Spanish|x86.ActiveCfg = Debug|Win32
		{0BA1EDA8-901D-473C-961C-48CDDB607A3B}.Spanish|x86.Build.0 = Debug|Win32
		{0BA1EDA8-901D-473C-961C-48CDDB607A3B}.Template|x86.ActiveCfg = Template|Win32
		{0BA1EDA8-901D-473C-961C-48CDDB607A3B}.Template|x86.Build.0 = Template|Win32
		{6BF932CB-42B3-4AC3-B0B4-3FD95C0F18AE}.Debug|x86.ActiveCfg = Debug|Win32
		{6BF932CB-42B3-4AC3-B0B4-3FD95C0F18AE}.Debug|x86.Build.0 = Debug|Win32
		{6BF932CB-42B3-4AC3-B0B4-3FD95C0F18AE}.DebugE|x86.ActiveCfg = Debug|Win32
		{6BF932CB-42B3-4AC3-B0B4-3FD95C0F18AE}.DebugE|x86.Build.0 = Debug|Win32
		{6BF932CB-42B3-4AC3-B0B4-3FD95C0F18AE}.DebugW3D|x86.ActiveCfg = Debug|Win32
		{6BF932CB-42B3-4AC3-B0B4-3FD95C0F18AE}.DebugW3D|x86.Build.0 = Debug|Win32
		{6BF932CB-42B3-4AC3-B0B4-3FD95C0F18AE}.French|x86.ActiveCfg = French|Win32
		{6BF932CB-42B3-4AC3-B0B4-3FD95C0F18AE}.French|x86.Build.0 = French|Win32
		{6BF932CB-42B3-4AC3-B0B4-3FD95C0F18AE}.German|x86.ActiveCfg = German|Win32
		{6BF932CB-42B3-4AC3-B0B4-3FD95C0F18AE}.German|x86.Build.0 = German|Win32
		{6BF932CB-42B3-4AC3-B0B4-3FD95C0F18AE}.Internal|x86.ActiveCfg = Debug|Win32
		{6BF932CB-42B3-4AC3-B0B4-3FD95C0F18AE}.Internal|x86.Build.0 = Debug|Win32
		{6BF932CB-42B3-4AC3-B0B4-3FD95C0F18AE}.Profile|x86.ActiveCfg = Debug|Win32
		{6BF932CB-42B3-4AC3-B0B4-3FD95C0F18AE}.Profile|x86.Build.0 = Debug|Win32
		{6BF932CB-42B3-4AC3-B0B4-3FD95C0F18AE}.ProfileE|x86.ActiveCfg = Debug|Win32
		{6BF932CB-42B3-4AC3-B0B4-3FD95C0F18AE}.ProfileE|x86.Build.0 = Debug|Win32
		{6BF932CB-42B3-4AC3-B0B4-3FD95C0F18AE}.Release|x86.ActiveCfg = Release|Win32
		{6BF932CB-42B3-4AC3-B0B4-3FD95C0F18AE}.Release|x86.Build.0 = Release|Win32
		{6BF932CB-42B3-4AC3-B0B4-3FD95C0F18AE}.Spanish|x86.ActiveCfg = Spanish|Win32
		{6BF932CB-42B3-4AC3-B0B4-3FD95C0F18AE}.Spanish|x86.Build.0 = Spanish|Win32
		{6BF932CB-42B3-4AC3-B0B4-3FD95C0F18AE}.Template|x86.ActiveCfg = Template|Win32
		{6BF932CB-42B3-4AC3-B0B4-3FD95C0F18AE}.Template|x86.Build.0 = Template|Win32
		{AD63E5B3-51E8-4676-AE2C-18776696540C}.Debug|x86.ActiveCfg = Debug|Win32
		{AD63E5B3-51E8-4676-AE2C-18776696540C}.Debug|x86.Build.0 = Debug|Win32
		{AD63E5B3-51E8-4676-AE2C-18776696540C}.DebugE|x86.ActiveCfg = Debug|Win32
		{AD63E5B3-51E8-4676-AE2C-18776696540C}.DebugE|x86.Build.0 = Debug|Win32
		{AD63E5B3-51E8-4676-AE2C-18776696540C}.DebugW3D|x86.ActiveCfg = Debug|Win32
		{AD63E5B3-51E8-4676-AE2C-18776696540C}.DebugW3D|x86.Build.0 = Debug|Win32
		{AD63E5B3-51E8-4676-AE2C-18776696540C}.French|x86.ActiveCfg = Debug|Win32
		{AD63E5B3-51E8-4676-AE2C-18776696540C}.French|x86.Build.0 = Debug|Win32
		{AD63E5B3-51E8-4676-AE2C-18776696540C}.German|x86.ActiveCfg = Debug|Win32
		{AD63E5B3-51E8-4676-AE2C-18776696540C}.German|x86.Build.0 = Debug|Win32
		{AD63E5B3-51E8-4676-AE2C-18776696540C}.Internal|x86.ActiveCfg = Internal|Win32
		{AD63E5B3-51E8-4676-AE2C-18776696540C}.Internal|x86.Build.0 = Internal|Win32
		{AD63E5B3-51E8-4676-AE2C-18776696540C}.Profile|x86.ActiveCfg = Profile|Win32
		{AD63E5B3-51E8-4676-AE2C-18776696540C}.Profile|x86.Build.0 = Profile|Win32
		{AD63E5B3-51E8-4676-AE2C-18776696540C}.ProfileE|x86.ActiveCfg = Profile|Win32
		{AD63E5B3-51E8-4676-AE2C-18776696540C}.ProfileE|x86.Build.0 = Profile|Win32
		{AD63E5B3-51E8-4676-AE2C-18776696540C}.Release|x86.ActiveCfg = Release|Win32
		{AD63E5B3-51E8-4676-AE2C-18776696540C}.Release|x86.Build.0 = Release|Win32
		{AD63E5B3-51E8-4676-AE2C-18776696540C}.Spanish|x86.ActiveCfg = Debug|Win32
		{AD63E5B3-51E8-4676-AE2C-18776696540C}.Spanish|x86.Build.0 = Debug|Win32
		{AD63E5B3-51E8-4676-AE2C-18776696540C}.Template|x86.ActiveCfg = Template|Win32
		{AD63E5B3-51E8-4676-AE2C-18776696540C}.Template|x86.Build.0 = Template|Win32
		{006F8658-D780-4CB6-9323-90D078517559}.Debug|x86.ActiveCfg = Debug|Win32
		{006F8658-D780-4CB6-9323-90D078517559}.Debug|x86.Build.0 = Debug|Win32
		{006F8658-D780-4CB6-9323-90D078517559}.DebugE|x86.ActiveCfg = Debug|Win32
		{006F8658-D780-4CB6-9323-90D078517559}.DebugE|x86.Build.0 = Debug|Win32
		{006F8658-D780-4CB6-9323-90D078517559}.DebugW3D|x86.ActiveCfg = Debug|Win32
		{006F8658-D780-4CB6-9323-90D078517559}.DebugW3D|x86.Build.0 = Debug|Win32
		{006F8658-D780-4CB6-9323-90D078517559}.French|x86.ActiveCfg = Debug|Win32
		{006F8658-D780-4CB6-9323-90D078517559}.French|x86.Build.0 = Debug|Win32
		{006F8658-D780-4CB6-9323-90D078517559}.German|x86.ActiveCfg = Debug|Win32
		{006F8658-D780-4CB6-9323-90D078517559}.German|x86.Build.0 = Debug|Win32
		{006F8658-D780-4CB6-9323-90D078517559}.Internal|x86.ActiveCfg = Debug|Win32
		{006F8658-D780-4CB6-9323-90D078517559}.Internal|x86.Build.0 = Debug|Win32
		{006F8658-D780-4CB6-9323-90D078517559}.Profile|x86.ActiveCfg = Debug|Win32
		{006F8658-D780-4CB6-9323-90D078517559}.Profile|x86.Build.0 = Debug|Win32
		{006F8658-D780-4CB6-9323-90D078517559}.ProfileE|x86.ActiveCfg = Debug|Win32
		{006F8658-D780-4CB6-9323-90D078517559}.ProfileE|x86.Build.0 = Debug|Win32
		{006F8658-D780-4CB6-9323-90D078517559}.Release|x86.ActiveCfg = Release|Win32
		{006F8658-D780-4CB6-9323-90D078517559}.Release|x86.Build.0 = Release|Win32
		{006F8658-D780-4CB6-9323-90D078517559}.Spanish|x86.ActiveCfg = Debug|Win32
		{006F8658-D780-4CB6-9323-90D078517559}.Spanish|x86.Build.0 = Debug|Win32
		{006F8658-D780-4CB6-9323-90D078517559}.Template|x86.ActiveCfg = Template|Win32
		{006F8658-D780-4CB6-9323-90D078517559}.Template|x86.Build.0 = Template|Win32
		{5E6A4665-1C33-404E-9CD2-10F68DE66EBD}.Debug|x86.ActiveCfg = Debug|Win32
		{5E6A4665-1C33-404E-9CD2-10F68DE66EBD}.Debug|x86.Build.0 = Debug|Win32
		{5E6A4665-1C33-404E-9CD2-10F68DE66EBD}.DebugE|x86.ActiveCfg = DebugE|Win32
		{5E6A4665-1C33-404E-9CD2-10F68DE66EBD}.DebugE|x86.Build.0 = DebugE|Win32
		{5E6A4665-1C33-404E-9CD2-10F68DE66EBD}.DebugW3D|x86.ActiveCfg = DebugW3D|Win32
		{5E6A4665-1C33-404E-9CD2-10F68DE66EBD}.DebugW3D|x86.Build.0 = DebugW3D|Win32
		{5E6A4665-1C33-404E-9CD2-10F68DE66EBD}.French|x86.ActiveCfg = Debug|Win32
		{5E6A4665-1C33-404E-9CD2-10F68DE66EBD}.French|x86.Build.0 = Debug|Win32
		{5E6A4665-1C33-404E-9CD2-10F68DE66EBD}.German|x86.ActiveCfg = Debug|Win32
		{5E6A4665-1C33-404E-9CD2-10F68DE66EBD}.German|x86.Build.0 = Debug|Win32
		{5E6A4665-1C33-404E-9CD2-10F68DE66EBD}.Internal|x86.ActiveCfg = Internal|Win32
		{5E6A4665-1C33-404E-9CD2-10F68DE66EBD}.Internal|x86.Build.0 = Internal|Win32
		{5E6A4665-1C33-404E-9CD2-10F68DE66EBD}.Profile|x86.ActiveCfg = Profile|Win32
		{5E6A4665-1C33-404E-9CD2-10F68DE66EBD}.Profile|x86.Build.0 = Profile|Win32
		{5E6A4665-1C33-404E-9CD2-10F68DE66EBD}.ProfileE|x86.ActiveCfg = ProfileE|Win32
		{5E6A4665-1C33-404E-9CD2-10F68DE66EBD}.ProfileE|x86.Build.0 = ProfileE|Win32
		{5E6A4665-1C33-404E-9CD2-10F68DE66EBD}.Release|x86.ActiveCfg = Release|Win32
		{5E6A4665-1C33-404E-9CD2-10F68DE66EBD}.Release|x86.Build.0 = Release|Win32
		{5E6A4665-1C33-404E-9CD2-10F68DE66EBD}.Spanish|x86.ActiveCfg = Debug|Win32
		{5E6A4665-1C33-404E-9CD2-10F68DE66EBD}.Spanish|x86.Build.0 = Debug|Win32
		{5E6A4665-1C33-404E-9CD2-10F68DE66EBD}.Template|x86.ActiveCfg = Template|Win32
		{5E6A4665-1C33-404E-9CD2-10F68DE66EBD}.Template|x86.Build.0 = Template|Win32
		{FF555FA9-5100-4BB3-8C27-C4F24E3B76BF}.Debug|x86.ActiveCfg = Debug|Win32
		{FF555FA9-5100-4BB3-8C27-C4F24E3B76BF}.Debug|x86.Build.0 = Debug|Win32
		{FF555FA9-5100-4BB3-8C27-C4F24E3B76BF}.DebugE|x86.ActiveCfg = Debug|Win32
		{FF555FA9-5100-4BB3-8C27-C4F24E3B76BF}.DebugE|x86.Build.0 = Debug|Win32
		{FF555FA9-5100-4BB3-8C27-C4F24E3B76BF}.DebugW3D|x86.ActiveCfg = DebugW3D|Win32
		{FF555FA9-5100-4BB3-8C27-C4F24E3B76BF}.DebugW3D|x86.Build.0 = DebugW3D|Win32
		{FF555FA9-5100-4BB3-8C27-C4F24E3B76BF}.French|x86.ActiveCfg = Debug|Win32
		{FF555FA9-5100-4BB3-8C27-C4F24E3B76BF}.French|x86.Build.0 = Debug|Win32
		{FF555FA9-5100-4BB3-8C27-C4F24E3B76BF}.German|x86.ActiveCfg = Debug|Win32
		{FF555FA9-5100-4BB3-8C27-C4F24E3B76BF}.German|x86.Build.0 = Debug|Win32
		{FF555FA9-5100-4BB3-8C27-C4F24E3B76BF}.Internal|x86.ActiveCfg = Internal|Win32
		{FF555FA9-5100-4BB3-8C27-C4F24E3B76BF}.Internal|x86.Build.0 = Internal|Win32
		{FF555FA9-5100-4BB3-8C27-C4F24E3B76BF}.Profile|x86.ActiveCfg = Profile|Win32
		{FF555FA9-5100-4BB3-8C27-C4F24E3B76BF}.Profile|x86.Build.0 = Profile|Win32
		{FF555FA9-5100-4BB3-8C27-C4F24E3B76BF}.ProfileE|x86.ActiveCfg = Profile|Win32
		{FF555FA9-5100-4BB3-8C27-C4F24E3B76BF}.ProfileE|x86.Build.0 = Profile|Win32
		{FF555FA9-5100-4BB3-8C27-C4F24E3B76BF}.Release|x86.ActiveCfg = Release|Win32
		{FF555FA9-5100-4BB3-8C27-C4F24E3B76BF}.Release|x86.Build.0 = Release|Win32
		{FF555FA9-5100-4BB3-8C27-C4F24E3B76BF}.Spanish|x86.ActiveCfg = Debug|Win32
		{FF555FA9-5100-4BB3-8C27-C4F24E3B76BF}.Spanish|x86.Build.0 = Debug|Win32
		{FF555FA9-5100-4BB3-8C27-C4F24E3B76BF}.Template|x86.ActiveCfg = Template|Win32
		{FF555FA9-5100-4BB3-8C27-C4F24E3B76BF}.Template|x86.Build.0 = Template|Win32
		{091C4F68-EF9A-4C8E-A345-ABFA1F3FC511}.Debug|x86.ActiveCfg = Debug|Win32
		{091C4F68-EF9A-4C8E-A345-ABFA1F3FC511}.Debug|x86.Build.0 = Debug|Win32
		{091C4F68-EF9A-4C8E-A345-ABFA1F3FC511}.DebugE|x86.ActiveCfg = Debug|Win32
		{091C4F68-EF9A-4C8E-A345-ABFA1F3FC511}.DebugE|x86.Build.0 = Debug|Win32
		{091C4F68-EF9A-4C8E-A345-ABFA1F3FC511}.DebugW3D|x86.ActiveCfg = DebugW3D|Win32
		{091C4F68-EF9A-4C8E-A345-ABFA1F3FC511}.DebugW3D|x86.Build.0 = DebugW3D|Win32
		{091C4F68-EF9A-4C8E-A345-ABFA1F3FC511}.French|x86.ActiveCfg = Debug|Win32
		{091C4F68-EF9A-4C8E-A345-ABFA1F3FC511}.French|x86.Build.0 = Debug|Win32
		{091C4F68-EF9A-4C8E-A345-ABFA1F3FC511}.German|x86.ActiveCfg = Debug|Win32
		{091C4F68-EF9A-4C8E-A345-ABFA1F3FC511}.German|x86.Build.0 = Debug|Win32
		{091C4F68-EF9A-4C8E-A345-ABFA1F3FC511}.Internal|x86.ActiveCfg = Internal|Win32
		{091C4F68-EF9A-4C8E-A345-ABFA1F3FC511}.Internal|x86.Build.0 = Internal|Win32
		{091C4F68-EF9A-4C8E-A345-ABFA1F3FC511}.Profile|x86.ActiveCfg = Profile|Win32
		{091C4F68-EF9A-4C8E-A345-ABFA1F3FC511}.Profile|x86.Build.0 = Profile|Win32
		{091C4F68-EF9A-4C8E-A345-ABFA1F3FC511}.ProfileE|x86.ActiveCfg = Profile|Win32
		{091C4F68-EF9A-4C8E-A345-ABFA1F3FC511}.ProfileE|x86.Build.0 = Profile|Win32
		{091C4F68-EF9A-4C8E-A345-ABFA1F3FC511}.Release|x86.ActiveCfg = Release|Win32
		{091C4F68-EF9A-4C8E-A345-ABFA1F3FC511}.Release|x86.Build.0 = Release|Win32
		{091C4F68-EF9A-4C8E-A345-ABFA1F3FC511}.Spanish|x86.ActiveCfg = Debug|Win32
		{091C4F68-EF9A-4C8E-A345-ABFA1F3FC511}.Spanish|x86.Build.0 = Debug|Win32
		{091C4F68-EF9A-4C8E-A345-ABFA1F3FC511}.Template|x86.ActiveCfg = Template|Win32
		{091C4F68-EF9A-4C8E-A345-ABFA1F3FC511}.Template|x86.Build.0 = Template|Win32
		{6AE040E7-0615-4693-BEA3-2FBC35E04A71}.Debug|x86.ActiveCfg = Debug|Win32
		{6AE040E7-0615-4693-BEA3-2FBC35E04A71}.Debug|x86.Build.0 = Debug|Win32
		{6AE040E7-0615-4693-BEA3-2FBC35E04A71}.DebugE|x86.ActiveCfg = Debug|Win32
		{6AE040E7-0615-4693-BEA3-2FBC35E04A71}.DebugE|x86.Build.0 = Debug|Win32
		{6AE040E7-0615-4693-BEA3-2FBC35E04A71}.DebugW3D|x86.ActiveCfg = DebugW3D|Win32
		{6AE040E7-0615-4693-BEA3-2FBC35E04A71}.DebugW3D|x86.Build.0 = DebugW3D|Win32
		{6AE040E7-0615-4693-BEA3-2FBC35E04A71}.French|x86.ActiveCfg = Debug|Win32
		{6AE040E7-0615-4693-BEA3-2FBC35E04A71}.French|x86.Build.0 = Debug|Win32
		{6AE040E7-0615-4693-BEA3-2FBC35E04A71}.German|x86.ActiveCfg = Debug|Win32
		{6AE040E7-0615-4693-BEA3-2FBC35E04A71}.German|x86.Build.0 = Debug|Win32
		{6AE040E7-0615-4693-BEA3-2FBC35E04A71}.Internal|x86.ActiveCfg = Internal|Win32
		{6AE040E7-0615-4693-BEA3-2FBC35E04A71}.Internal|x86.Build.0 = Internal|Win32
		{6AE040E7-0615-4693-BEA3-2FBC35E04A71}.Profile|x86.ActiveCfg = Profile|Win32
		{6AE040E7-0615-4693-BEA3-2FBC35E04A71}.Profile|x86.Build.0 = Profile|Win32
		{6AE040E7-0615-4693-BEA3-2FBC35E04A71}.ProfileE|x86.ActiveCfg = Profile|Win32
		{6AE040E7-0615-4693-BEA3-2FBC35E04A71}.ProfileE|x86.Build.0 = Profile|Win32
		{6AE040E7-0615-4693-BEA3-2FBC35E04A71}.Release|x86.ActiveCfg = Release|Win32
		{6AE040E7-0615-4693-BEA3-2FBC35E04A71}.Release|x86.Build.0 = Release|Win32
		{6AE040E7-0615-4693-BEA3-2FBC35E04A71}.Spanish|x86.ActiveCfg = Debug|Win32
		{6AE040E7-0615-4693-BEA3-2FBC35E04A71}.Spanish|x86.Build.0 = Debug|Win32
		{6AE040E7-0615-4693-BEA3-2FBC35E04A71}.Template|x86.ActiveCfg = Template|Win32
		{6AE040E7-0615-4693-BEA3-2FBC35E04A71}.Template|x86.Build.0 = Template|Win32
		{5C8B2A3A-9CAD-4B2D-89E6-3A48B0E56C0E}.Debug|x86.ActiveCfg = Debug|Win32
		{5C8B2A3A-9CAD-4B2D-89E6-3A48B0E56C0E}.Debug|x86.Build.0 = Debug|Win32
		{5C8B2A3A-9CAD-4B2D-89E6-3A48B0E56C0E}.DebugE|x86.ActiveCfg = DebugE|Win32
		{5C8B2A3A-9CAD-4B2D-89E6-3A48B0E56C0E}.DebugE|x86.Build.0 = DebugE|Win32
		{5C8B2A3A-9CAD-4B2D-89E6-3A48B0E56C0E}.DebugW3D|x86.ActiveCfg = DebugW3D|Win32
		{5C8B2A3A-9CAD-4B2D-89E6-3A48B0E56C0E}.DebugW3D|x86.Build.0 = DebugW3D|Win32
		{5C8B2A3A-9CAD-4B2D-89E6-3A48B0E56C0E}.French|x86.ActiveCfg = Debug|Win32
		{5C8B2A3A-9CAD-4B2D-89E6-3A48B0E56C0E}.French|x86.Build.0 = Debug|Win32
		{5C8B2A3A-9CAD-4B2D-89E6-3A48B0E56C0E}.German|x86.ActiveCfg = Debug|Win32
		{5C8B2A3A-9CAD-4B2D-89E6-3A48B0E56C0E}.German|x86.Build.0 = Debug|Win32
		{5C8B2A3A-9CAD-4B2D-89E6-3A48B0E56C0E}.Internal|x86.ActiveCfg = Internal|Win32
		{5C8B2A3A-9CAD-4B2D-89E6-3A48B0E56C0E}.Internal|x86.Build.0 = Internal|Win32
		{5C8B2A3A-9CAD-4B2D-89E6-3A48B0E56C0E}.Profile|x86.ActiveCfg = Profile|Win32
		{5C8B2A3A-9CAD-4B2D-89E6-3A48B0E56C0E}.Profile|x86.Build.0 = Profile|Win32
		{5C8B2A3A-9CAD-4B2D-89E6-3A48B0E56C0E}.ProfileE|x86.ActiveCfg = ProfileE|Win32
		{5C8B2A3A-9CAD-4B2D-89E6-3A48B0E56C0E}.ProfileE|x86.Build.0 = ProfileE|Win32
		{5C8B2A3A-9CAD-4B2D-89E6-3A48B0E56C0E}.Release|x86.ActiveCfg = Release|Win32
		{5C8B2A3A-9CAD-4B2D-89E6-3A48B0E56C0E}.Release|x86.Build.0 = Release|Win32
		{5C8B2A3A-9CAD-4B2D-89E6-3A48B0E56C0E}.Spanish|x86.ActiveCfg = Debug|Win32
		{5C8B2A3A-9CAD-4B2D-89E6-3A48B0E56C0E}.Spanish|x86.Build.0 = Debug|Win32
		{5C8B2A3A-9CAD-4B2D-89E6-3A48B0E56C0E}.Template|x86.ActiveCfg = Template|Win32
		{5C8B2A3A-9CAD-4B2D-89E6-3A48B0E56C0E}.Template|x86.Build.0 = Template|Win32
		{280AD8D1-1FCE-4DB8-B3A2-4BAAD95F41B3}.Debug|x86.ActiveCfg = Debug|Win32
		{280AD8D1-1FCE-4DB8-B3A2-4BAAD95F41B3}.Debug|x86.Build.0 = Debug|Win32
		{280AD8D1-1FCE-4DB8-B3A2-4BAAD95F41B3}.DebugE|x86.ActiveCfg = Debug|Win32
		{280AD8D1-1FCE-4DB8-B3A2-4BAAD95F41B3}.DebugE|x86.Build.0 = Debug|Win32
		{280AD8D1-1FCE-4DB8-B3A2-4BAAD95F41B3}.DebugW3D|x86.ActiveCfg = DebugW3D|Win32
		{280AD8D1-1FCE-4DB8-B3A2-4BAAD95F41B3}.DebugW3D|x86.Build.0 = DebugW3D|Win32
		{280AD8D1-1FCE-4DB8-B3A2-4BAAD95F41B3}.French|x86.ActiveCfg = Debug|Win32
		{280AD8D1-1FCE-4DB8-B3A2-4BAAD95F41B3}.French|x86.Build.0 = Debug|Win32
		{280AD8D1-1FCE-4DB8-B3A2-4BAAD95F41B3}.German|x86.ActiveCfg = Debug|Win32
		{280AD8D1-1FCE-4DB8-B3A2-4BAAD95F41B3}.German|x86.Build.0 = Debug|Win32
		{280AD8D1-1FCE-4DB8-B3A2-4BAAD95F41B3}.Internal|x86.ActiveCfg = Internal|Win32
		{280AD8D1-1FCE-4DB8-B3A2-4BAAD95F41B3}.Internal|x86.Build.0 = Internal|Win32
		{280AD8D1-1FCE-4DB8-B3A2-4BAAD95F41B3}.Profile|x86.ActiveCfg = Profile|Win32
		{280AD8D1-1FCE-4DB8-B3A2-4BAAD95F41B3}.Profile|x86.Build.0 = Profile|Win32
		{280AD8D1-1FCE-4DB8-B3A2-4BAAD95F41B3}.ProfileE|x86.ActiveCfg = Profile|Win32
		{280AD8D1-1FCE-4DB8-B3A2-4BAAD95F41B3}.ProfileE|x86.Build.0 = Profile|Win32
		{280AD8D1-1FCE-4DB8-B3A2-4BAAD95F41B3}.Release|x86.ActiveCfg = Release|Win32
		{280AD8D1-1FCE-4DB8-B3A2-4BAAD95F41B3}.Release|x86.Build.0 = Release|Win32
		{280AD8D1-1FCE-4DB8-B3A2-4BAAD95F41B3}.Spanish|x86.ActiveCfg = Debug|Win32
		{280AD8D1-1FCE-4DB8-B3A2-4BAAD95F41B3}.Spanish|x86.Build.0 = Debug|Win32
		{280AD8D1-1FCE-4DB8-B3A2-4BAAD95F41B3}.Template|x86.ActiveCfg = Template|Win32
		{280AD8D1-1FCE-4DB8-B3A2-4BAAD95F41B3}.Template|x86.Build.0 = Template|Win32
		{D7DC0164-4E49-4C04-94D6-A518C9902E27}.Debug|x86.ActiveCfg = Debug|Win32
		{D7DC0164-4E49-4C04-94D6-A518C9902E27}.Debug|x86.Build.0 = Debug|Win32
		{D7DC0164-4E49-4C04-94D6-A518C9902E27}.DebugE|x86.ActiveCfg = Debug|Win32
		{D7DC0164-4E49-4C04-94D6-A518C9902E27}.DebugE|x86.Build.0 = Debug|Win32
		{D7DC0164-4E49-4C04-94D6-A518C9902E27}.DebugW3D|x86.ActiveCfg = DebugW3D|Win32
		{D7DC0164-4E49-4C04-94D6-A518C9902E27}.DebugW3D|x86.Build.0 = DebugW3D|Win32
		{D7DC0164-4E49-4C04-94D6-A518C9902E27}.French|x86.ActiveCfg = Debug|Win32
		{D7DC0164-4E49-4C04-94D6-A518C9902E27}.French|x86.Build.0 = Debug|Win32
		{D7DC0164-4E49-4C04-94D6-A518C9902E27}.German|x86.ActiveCfg = Debug|Win32
		{D7DC0164-4E49-4C04-94D6-A518C9902E27}.German|x86.Build.0 = Debug|Win32
		{D7DC0164-4E49-4C04-94D6-A518C9902E27}.Internal|x86.ActiveCfg = Internal|Win32
		{D7DC0164-4E49-4C04-94D6-A518C9902E27}.Internal|x86.Build.0 = Internal|Win32
		{D7DC0164-4E49-4C04-94D6-A518C9902E27}.Profile|x86.ActiveCfg = Profile|Win32
		{D7DC0164-4E49-4C04-94D6-A518C9902E27}.Profile|x86.Build.0 = Profile|Win32
		{D7DC0164-4E49-4C04-94D6-A518C9902E27}.ProfileE|x86.ActiveCfg = Profile|Win32
		{D7DC0164-4E49-4C04-94D6-A518C9902E27}.ProfileE|x86.Build.0 = Profile|Win32
		{D7DC0164-4E49-4C04-94D6-A518C9902E27}.Release|x86.ActiveCfg = Release|Win32
		{D7DC0164-4E49-4C04-94D6-A518C9902E27}.Release|x86.Build.0 = Release|Win32
		{D7DC0164-4E49-4C04-94D6-A518C9902E27}.Spanish|x86.ActiveCfg = Debug|Win32
		{D7DC0164-4E49-4C04-94D6-A518C9902E27}.Spanish|x86.Build.0 = Debug|Win32
		{D7DC0164-4E49-4C04-94D6-A518C9902E27}.Template|x86.ActiveCfg = Template|Win32
		{D7DC0164-4E49-4C04-94D6-A518C9902E27}.Template|x86.Build.0 = Template|Win32
	EndGlobalSection
	GlobalSection(SolutionProperties) = preSolution
		HideSolutionNode = FALSE
	EndGlobalSection
	GlobalSection(ExtensibilityGlobals) = postSolution
		SolutionGuid = {588C7ECB-D8B4-44AF-869A-BFB187ABD366}
	EndGlobalSection
EndGlobal
