<?xml version="1.0" encoding="utf-8"?>
<Project ToolsVersion="4.0" xmlns="http://schemas.microsoft.com/developer/msbuild/2003">
  <ItemGroup>
    <Filter Include="Source Files">
      <UniqueIdentifier>{2f992d9f-a155-49b4-ae15-a9ddd35af122}</UniqueIdentifier>
      <Extensions>cpp;c;cxx;rc;def;r;odl;idl;hpj;bat</Extensions>
    </Filter>
    <Filter Include="Header Files">
      <UniqueIdentifier>{41c8d47f-6a97-4fa3-8290-34e03333faf0}</UniqueIdentifier>
      <Extensions>h;hpp;hxx;hm;inl</Extensions>
    </Filter>
    <Filter Include="html">
      <UniqueIdentifier>{e145801e-b018-4237-88bc-742752600022}</UniqueIdentifier>
      <Extensions>.css;.html</Extensions>
    </Filter>
    <Filter Include="Resource Files">
      <UniqueIdentifier>{1f155572-1c7e-4f3b-a882-c7d59cd28d79}</UniqueIdentifier>
      <Extensions>ico;cur;bmp;dlg;rc2;rct;bin;rgs;gif;jpg;jpeg;jpe</Extensions>
    </Filter>
  </ItemGroup>
  <ItemGroup>
    <ClCompile Include="CRCDiff.cpp">
      <Filter>Source Files</Filter>
    </ClCompile>
    <ClCompile Include="debug.cpp">
      <Filter>Source Files</Filter>
    </ClCompile>
    <ClCompile Include="expander.cpp">
      <Filter>Source Files</Filter>
    </ClCompile>
    <ClCompile Include="KVPair.cpp">
      <Filter>Source Files</Filter>
    </ClCompile>
  </ItemGroup>
  <ItemGroup>
    <ClInclude Include="debug.h">
      <Filter>Header Files</Filter>
    </ClInclude>
    <ClInclude Include="expander.h">
      <Filter>Header Files</Filter>
    </ClInclude>
    <ClInclude Include="KVPair.h">
      <Filter>Header Files</Filter>
    </ClInclude>
    <ClInclude Include="misc.h">
      <Filter>Header Files</Filter>
    </ClInclude>
  </ItemGroup>
  <ItemGroup>
    <CustomBuild Include="bottom.html">
      <Filter>html</Filter>
    </CustomBuild>
    <CustomBuild Include="out.html">
      <Filter>html</Filter>
    </CustomBuild>
    <CustomBuild Include="row.html">
      <Filter>html</Filter>
    </CustomBuild>
    <CustomBuild Include="style.css">
      <Filter>html</Filter>
    </CustomBuild>
    <CustomBuild Include="top.html">
      <Filter>html</Filter>
    </CustomBuild>
  </ItemGroup>
</Project>